
Microsoft Visual Studio Solution File, Format Version 12.00
# Visual Studio 15
VisualStudioVersion = 15.0.27703.2018
MinimumVisualStudioVersion = 10.0.40219.1
Project("{8BC9CEB8-8B4A-11D0-8D11-00A0C91BC942}") = "ProblemC", "ProblemC\ProblemC.vcxproj", "{73EE9D3D-0B14-47CD-961E-03FFD48D6EF2}"
EndProject
Project("{8BC9CEB8-8B4A-11D0-8D11-00A0C91BC942}") = "UnitTest1", "UnitTest1\UnitTest1.vcxproj", "{FFB34BE9-F8A6-4667-AC49-B6FAF0DE45CF}"
EndProject
Project("{8BC9CEB8-8B4A-11D0-8D11-00A0C91BC942}") = "Runnable", "Runnable\Runnable.vcxproj", "{9F2585A2-B164-4136-828F-501EF0D9C0C0}"
EndProject
Global
	GlobalSection(SolutionConfigurationPlatforms) = preSolution
		Debug|x64 = Debug|x64
		Debug|x86 = Debug|x86
		Release|x64 = Release|x64
		Release|x86 = Release|x86
	EndGlobalSection
	GlobalSection(ProjectConfigurationPlatforms) = postSolution
		{73EE9D3D-0B14-47CD-961E-03FFD48D6EF2}.Debug|x64.ActiveCfg = Debug|x64
		{73EE9D3D-0B14-47CD-961E-03FFD48D6EF2}.Debug|x64.Build.0 = Debug|x64
		{73EE9D3D-0B14-47CD-961E-03FFD48D6EF2}.Debug|x86.ActiveCfg = Debug|Win32
		{73EE9D3D-0B14-47CD-961E-03FFD48D6EF2}.Debug|x86.Build.0 = Debug|Win32
		{73EE9D3D-0B14-47CD-961E-03FFD48D6EF2}.Release|x64.ActiveCfg = Release|x64
		{73EE9D3D-0B14-47CD-961E-03FFD48D6EF2}.Release|x64.Build.0 = Release|x64
		{73EE9D3D-0B14-47CD-961E-03FFD48D6EF2}.Release|x86.ActiveCfg = Release|Win32
		{73EE9D3D-0B14-47CD-961E-03FFD48D6EF2}.Release|x86.Build.0 = Release|Win32
		{FFB34BE9-F8A6-4667-AC49-B6FAF0DE45CF}.Debug|x64.ActiveCfg = Debug|x64
		{FFB34BE9-F8A6-4667-AC49-B6FAF0DE45CF}.Debug|x64.Build.0 = Debug|x64
		{FFB34BE9-F8A6-4667-AC49-B6FAF0DE45CF}.Debug|x86.ActiveCfg = Debug|Win32
		{FFB34BE9-F8A6-4667-AC49-B6FAF0DE45CF}.Debug|x86.Build.0 = Debug|Win32
		{FFB34BE9-F8A6-4667-AC49-B6FAF0DE45CF}.Release|x64.ActiveCfg = Release|x64
		{FFB34BE9-F8A6-4667-AC49-B6FAF0DE45CF}.Release|x64.Build.0 = Release|x64
		{FFB34BE9-F8A6-4667-AC49-B6FAF0DE45CF}.Release|x86.ActiveCfg = Release|Win32
		{FFB34BE9-F8A6-4667-AC49-B6FAF0DE45CF}.Release|x86.Build.0 = Release|Win32
		{9F2585A2-B164-4136-828F-501EF0D9C0C0}.Debug|x64.ActiveCfg = Debug|x64
		{9F2585A2-B164-4136-828F-501EF0D9C0C0}.Debug|x64.Build.0 = Debug|x64
		{9F2585A2-B164-4136-828F-501EF0D9C0C0}.Debug|x86.ActiveCfg = Debug|Win32
		{9F2585A2-B164-4136-828F-501EF0D9C0C0}.Debug|x86.Build.0 = Debug|Win32
		{9F2585A2-B164-4136-828F-501EF0D9C0C0}.Release|x64.ActiveCfg = Release|x64
		{9F2585A2-B164-4136-828F-501EF0D9C0C0}.Release|x64.Build.0 = Release|x64
		{9F2585A2-B164-4136-828F-501EF0D9C0C0}.Release|x86.ActiveCfg = Release|Win32
		{9F2585A2-B164-4136-828F-501EF0D9C0C0}.Release|x86.Build.0 = Release|Win32
	EndGlobalSection
	GlobalSection(SolutionProperties) = preSolution
		HideSolutionNode = FALSE
	EndGlobalSection
	GlobalSection(ExtensibilityGlobals) = postSolution
		SolutionGuid = {B0283007-CAC8-40B3-AC8B-A90576F1863B}
	EndGlobalSection
EndGlobal
